
Microsoft Visual Studio Solution File, Format Version 12.00
# Visual Studio Version 17
VisualStudioVersion = 17.4.33213.308
MinimumVisualStudioVersion = 10.0.40219.1
Project("{FAE04EC0-301F-11D3-BF4B-00C04F79EFBC}") = "APL-Project-Client", "APL-Project-Client\APL-Project-Client.csproj", "{43D571B9-2EE2-4A47-B61D-144EBA685803}"
EndProject
Global
	GlobalSection(SolutionConfigurationPlatforms) = preSolution
		Debug|Any CPU = Debug|Any CPU
		Release|Any CPU = Release|Any CPU
	EndGlobalSection
	GlobalSection(ProjectConfigurationPlatforms) = postSolution
		{43D571B9-2EE2-4A47-B61D-144EBA685803}.Debug|Any CPU.ActiveCfg = Debug|Any CPU
		{43D571B9-2EE2-4A47-B61D-144EBA685803}.Debug|Any CPU.Build.0 = Debug|Any CPU
		{43D571B9-2EE2-4A47-B61D-144EBA685803}.Release|Any CPU.ActiveCfg = Release|Any CPU
		{43D571B9-2EE2-4A47-B61D-144EBA685803}.Release|Any CPU.Build.0 = Release|Any CPU
	EndGlobalSection
	GlobalSection(SolutionProperties) = preSolution
		HideSolutionNode = FALSE
	EndGlobalSection
	GlobalSection(ExtensibilityGlobals) = postSolution
		SolutionGuid = {997B531E-3120-40BA-BBAC-30180F070308}
	EndGlobalSection
EndGlobal
